
Microsoft Visual Studio Solution File, Format Version 12.00
# Visual Studio Version 17
VisualStudioVersion = 17.9.34701.34
MinimumVisualStudioVersion = 10.0.40219.1
Project("{FAE04EC0-301F-11D3-BF4B-00C04F79EFBC}") = "SimpleMethod", "SimpleMethod\SimpleMethod.csproj", "{72A6B922-320C-4040-AD9C-83B2A4EA0F06}"
EndProject
Global
	GlobalSection(SolutionConfigurationPlatforms) = preSolution
		Debug|Any CPU = Debug|Any CPU
		Release|Any CPU = Release|Any CPU
	EndGlobalSection
	GlobalSection(ProjectConfigurationPlatforms) = postSolution
		{72A6B922-320C-4040-AD9C-83B2A4EA0F06}.Debug|Any CPU.ActiveCfg = Debug|Any CPU
		{72A6B922-320C-4040-AD9C-83B2A4EA0F06}.Debug|Any CPU.Build.0 = Debug|Any CPU
		{72A6B922-320C-4040-AD9C-83B2A4EA0F06}.Release|Any CPU.ActiveCfg = Release|Any CPU
		{72A6B922-320C-4040-AD9C-83B2A4EA0F06}.Release|Any CPU.Build.0 = Release|Any CPU
	EndGlobalSection
	GlobalSection(SolutionProperties) = preSolution
		HideSolutionNode = FALSE
	EndGlobalSection
	GlobalSection(ExtensibilityGlobals) = postSolution
		SolutionGuid = {8D152057-A5D4-43BD-AEE9-ED70639882FB}
	EndGlobalSection
EndGlobal
