
Microsoft Visual Studio Solution File, Format Version 12.00
# Visual Studio Version 17
VisualStudioVersion = 17.9.34723.18
MinimumVisualStudioVersion = 10.0.40219.1
Project("{FAE04EC0-301F-11D3-BF4B-00C04F79EFBC}") = "Calculator", "Calculator\Calculator.csproj", "{95152E62-FAB9-4783-9C1B-4FE0EC7471DB}"
EndProject
Global
	GlobalSection(SolutionConfigurationPlatforms) = preSolution
		Debug|Any CPU = Debug|Any CPU
		Release|Any CPU = Release|Any CPU
	EndGlobalSection
	GlobalSection(ProjectConfigurationPlatforms) = postSolution
		{95152E62-FAB9-4783-9C1B-4FE0EC7471DB}.Debug|Any CPU.ActiveCfg = Debug|Any CPU
		{95152E62-FAB9-4783-9C1B-4FE0EC7471DB}.Debug|Any CPU.Build.0 = Debug|Any CPU
		{95152E62-FAB9-4783-9C1B-4FE0EC7471DB}.Release|Any CPU.ActiveCfg = Release|Any CPU
		{95152E62-FAB9-4783-9C1B-4FE0EC7471DB}.Release|Any CPU.Build.0 = Release|Any CPU
	EndGlobalSection
	GlobalSection(SolutionProperties) = preSolution
		HideSolutionNode = FALSE
	EndGlobalSection
	GlobalSection(ExtensibilityGlobals) = postSolution
		SolutionGuid = {47CA5CFA-F02F-4592-B892-433EA9270B6F}
	EndGlobalSection
EndGlobal
