
Microsoft Visual Studio Solution File, Format Version 12.00
# Visual Studio Version 17
VisualStudioVersion = 17.9.34723.18
MinimumVisualStudioVersion = 10.0.40219.1
Project("{FAE04EC0-301F-11D3-BF4B-00C04F79EFBC}") = "Classes", "Classes\Classes.csproj", "{97FA2298-DED5-4CED-863D-D6BFF996BDBA}"
EndProject
Global
	GlobalSection(SolutionConfigurationPlatforms) = preSolution
		Debug|Any CPU = Debug|Any CPU
		Release|Any CPU = Release|Any CPU
	EndGlobalSection
	GlobalSection(ProjectConfigurationPlatforms) = postSolution
		{97FA2298-DED5-4CED-863D-D6BFF996BDBA}.Debug|Any CPU.ActiveCfg = Debug|Any CPU
		{97FA2298-DED5-4CED-863D-D6BFF996BDBA}.Debug|Any CPU.Build.0 = Debug|Any CPU
		{97FA2298-DED5-4CED-863D-D6BFF996BDBA}.Release|Any CPU.ActiveCfg = Release|Any CPU
		{97FA2298-DED5-4CED-863D-D6BFF996BDBA}.Release|Any CPU.Build.0 = Release|Any CPU
	EndGlobalSection
	GlobalSection(SolutionProperties) = preSolution
		HideSolutionNode = FALSE
	EndGlobalSection
	GlobalSection(ExtensibilityGlobals) = postSolution
		SolutionGuid = {91DD8855-0472-4E79-816C-5F5ACD9AA97E}
	EndGlobalSection
EndGlobal
