
Microsoft Visual Studio Solution File, Format Version 12.00
# Visual Studio Version 17
VisualStudioVersion = 17.9.34622.214
MinimumVisualStudioVersion = 10.0.40219.1
Project("{FAE04EC0-301F-11D3-BF4B-00C04F79EFBC}") = "CourseArrays", "AllTypesOfCollections\CourseArrays.csproj", "{EA18CC6E-E7DC-4532-B386-BBC5FFAC5052}"
EndProject
Project("{FAE04EC0-301F-11D3-BF4B-00C04F79EFBC}") = "GradeList", "GradeList\GradeList.csproj", "{D39C3DB5-F5EE-4810-98D1-C904ED7D7339}"
EndProject
Project("{FAE04EC0-301F-11D3-BF4B-00C04F79EFBC}") = "GradeDictionary", "GradeDictionary\GradeDictionary.csproj", "{73656D15-8240-405E-9224-DAC584A5365E}"
EndProject
Global
	GlobalSection(SolutionConfigurationPlatforms) = preSolution
		Debug|Any CPU = Debug|Any CPU
		Release|Any CPU = Release|Any CPU
	EndGlobalSection
	GlobalSection(ProjectConfigurationPlatforms) = postSolution
		{EA18CC6E-E7DC-4532-B386-BBC5FFAC5052}.Debug|Any CPU.ActiveCfg = Debug|Any CPU
		{EA18CC6E-E7DC-4532-B386-BBC5FFAC5052}.Debug|Any CPU.Build.0 = Debug|Any CPU
		{EA18CC6E-E7DC-4532-B386-BBC5FFAC5052}.Release|Any CPU.ActiveCfg = Release|Any CPU
		{EA18CC6E-E7DC-4532-B386-BBC5FFAC5052}.Release|Any CPU.Build.0 = Release|Any CPU
		{D39C3DB5-F5EE-4810-98D1-C904ED7D7339}.Debug|Any CPU.ActiveCfg = Debug|Any CPU
		{D39C3DB5-F5EE-4810-98D1-C904ED7D7339}.Debug|Any CPU.Build.0 = Debug|Any CPU
		{D39C3DB5-F5EE-4810-98D1-C904ED7D7339}.Release|Any CPU.ActiveCfg = Release|Any CPU
		{D39C3DB5-F5EE-4810-98D1-C904ED7D7339}.Release|Any CPU.Build.0 = Release|Any CPU
		{73656D15-8240-405E-9224-DAC584A5365E}.Debug|Any CPU.ActiveCfg = Debug|Any CPU
		{73656D15-8240-405E-9224-DAC584A5365E}.Debug|Any CPU.Build.0 = Debug|Any CPU
		{73656D15-8240-405E-9224-DAC584A5365E}.Release|Any CPU.ActiveCfg = Release|Any CPU
		{73656D15-8240-405E-9224-DAC584A5365E}.Release|Any CPU.Build.0 = Release|Any CPU
	EndGlobalSection
	GlobalSection(SolutionProperties) = preSolution
		HideSolutionNode = FALSE
	EndGlobalSection
	GlobalSection(ExtensibilityGlobals) = postSolution
		SolutionGuid = {559C08AF-2D84-45B7-8EA2-3C47D425D743}
	EndGlobalSection
EndGlobal
